// !$*UTF8*$!
{
	archiveVersion = 1;
	classes = {
	};
	objectVersion = 46;
	objects = {

/* Begin PBXBuildFile section */
		DF3F51371E7F796A00BBCB5E /* main.m in Sources */ = {isa = PBXBuildFile; fileRef = DF3F51361E7F796A00BBCB5E /* main.m */; };
		DF3F513A1E7F796A00BBCB5E /* AppDelegate.m in Sources */ = {isa = PBXBuildFile; fileRef = DF3F51391E7F796A00BBCB5E /* AppDelegate.m */; };
		DF3F513D1E7F796A00BBCB5E /* ViewController.m in Sources */ = {isa = PBXBuildFile; fileRef = DF3F513C1E7F796A00BBCB5E /* ViewController.m */; };
		DF3F51401E7F796A00BBCB5E /* Main.storyboard in Resources */ = {isa = PBXBuildFile; fileRef = DF3F513E1E7F796A00BBCB5E /* Main.storyboard */; };
		DF3F51421E7F796A00BBCB5E /* Assets.xcassets in Resources */ = {isa = PBXBuildFile; fileRef = DF3F51411E7F796A00BBCB5E /* Assets.xcassets */; };
		DF3F51451E7F796A00BBCB5E /* LaunchScreen.storyboard in Resources */ = {isa = PBXBuildFile; fileRef = DF3F51431E7F796A00BBCB5E /* LaunchScreen.storyboard */; };
		DF3F51581E7F79F100BBCB5E /* UIButtonManager.m in Sources */ = {isa = PBXBuildFile; fileRef = DF3F51551E7F79F100BBCB5E /* UIButtonManager.m */; };
		DF3F51591E7F79F100BBCB5E /* UILabelManager.m in Sources */ = {isa = PBXBuildFile; fileRef = DF3F51571E7F79F100BBCB5E /* UILabelManager.m */; };
		DF3F515E1E7F7A0A00BBCB5E /* UIButton+CLObjcSugar.m in Sources */ = {isa = PBXBuildFile; fileRef = DF3F515B1E7F7A0A00BBCB5E /* UIButton+CLObjcSugar.m */; };
		DF3F515F1E7F7A0A00BBCB5E /* UILabel+CLObjcSugar.m in Sources */ = {isa = PBXBuildFile; fileRef = DF3F515D1E7F7A0A00BBCB5E /* UILabel+CLObjcSugar.m */; };
/* End PBXBuildFile section */

/* Begin PBXFileReference section */
		DF3F51321E7F796A00BBCB5E /* 链式语法编程.app */ = {isa = PBXFileReference; explicitFileType = wrapper.application; includeInIndex = 0; path = "链式语法编程.app"; sourceTree = BUILT_PRODUCTS_DIR; };
		DF3F51361E7F796A00BBCB5E /* main.m */ = {isa = PBXFileReference; lastKnownFileType = sourcecode.c.objc; path = main.m; sourceTree = "<group>"; };
		DF3F51381E7F796A00BBCB5E /* AppDelegate.h */ = {isa = PBXFileReference; lastKnownFileType = sourcecode.c.h; path = AppDelegate.h; sourceTree = "<group>"; };
		DF3F51391E7F796A00BBCB5E /* AppDelegate.m */ = {isa = PBXFileReference; lastKnownFileType = sourcecode.c.objc; path = AppDelegate.m; sourceTree = "<group>"; };
		DF3F513B1E7F796A00BBCB5E /* ViewController.h */ = {isa = PBXFileReference; lastKnownFileType = sourcecode.c.h; path = ViewController.h; sourceTree = "<group>"; };
		DF3F513C1E7F796A00BBCB5E /* ViewController.m */ = {isa = PBXFileReference; lastKnownFileType = sourcecode.c.objc; path = ViewController.m; sourceTree = "<group>"; };
		DF3F513F1E7F796A00BBCB5E /* Base */ = {isa = PBXFileReference; lastKnownFileType = file.storyboard; name = Base; path = Base.lproj/Main.storyboard; sourceTree = "<group>"; };
		DF3F51411E7F796A00BBCB5E /* Assets.xcassets */ = {isa = PBXFileReference; lastKnownFileType = folder.assetcatalog; path = Assets.xcassets; sourceTree = "<group>"; };
		DF3F51441E7F796A00BBCB5E /* Base */ = {isa = PBXFileReference; lastKnownFileType = file.storyboard; name = Base; path = Base.lproj/LaunchScreen.storyboard; sourceTree = "<group>"; };
		DF3F51461E7F796A00BBCB5E /* Info.plist */ = {isa = PBXFileReference; lastKnownFileType = text.plist.xml; path = Info.plist; sourceTree = "<group>"; };
		DF3F51541E7F79F100BBCB5E /* UIButtonManager.h */ = {isa = PBXFileReference; fileEncoding = 4; lastKnownFileType = sourcecode.c.h; path = UIButtonManager.h; sourceTree = "<group>"; };
		DF3F51551E7F79F100BBCB5E /* UIButtonManager.m */ = {isa = PBXFileReference; fileEncoding = 4; lastKnownFileType = sourcecode.c.objc; path = UIButtonManager.m; sourceTree = "<group>"; };
		DF3F51561E7F79F100BBCB5E /* UILabelManager.h */ = {isa = PBXFileReference; fileEncoding = 4; lastKnownFileType = sourcecode.c.h; path = UILabelManager.h; sourceTree = "<group>"; };
		DF3F51571E7F79F100BBCB5E /* UILabelManager.m */ = {isa = PBXFileReference; fileEncoding = 4; lastKnownFileType = sourcecode.c.objc; path = UILabelManager.m; sourceTree = "<group>"; };
		DF3F515A1E7F7A0A00BBCB5E /* UIButton+CLObjcSugar.h */ = {isa = PBXFileReference; fileEncoding = 4; lastKnownFileType = sourcecode.c.h; path = "UIButton+CLObjcSugar.h"; sourceTree = "<group>"; };
		DF3F515B1E7F7A0A00BBCB5E /* UIButton+CLObjcSugar.m */ = {isa = PBXFileReference; fileEncoding = 4; lastKnownFileType = sourcecode.c.objc; path = "UIButton+CLObjcSugar.m"; sourceTree = "<group>"; };
		DF3F515C1E7F7A0A00BBCB5E /* UILabel+CLObjcSugar.h */ = {isa = PBXFileReference; fileEncoding = 4; lastKnownFileType = sourcecode.c.h; path = "UILabel+CLObjcSugar.h"; sourceTree = "<group>"; };
		DF3F515D1E7F7A0A00BBCB5E /* UILabel+CLObjcSugar.m */ = {isa = PBXFileReference; fileEncoding = 4; lastKnownFileType = sourcecode.c.objc; path = "UILabel+CLObjcSugar.m"; sourceTree = "<group>"; };
		DF3F51601E7F7A5000BBCB5E /* CLObjcSugar.h */ = {isa = PBXFileReference; lastKnownFileType = sourcecode.c.h; path = CLObjcSugar.h; sourceTree = "<group>"; };
/* End PBXFileReference section */

/* Begin PBXFrameworksBuildPhase section */
		DF3F512F1E7F796A00BBCB5E /* Frameworks */ = {
			isa = PBXFrameworksBuildPhase;
			buildActionMask = 2147483647;
			files = (
			);
			runOnlyForDeploymentPostprocessing = 0;
		};
/* End PBXFrameworksBuildPhase section */

/* Begin PBXGroup section */
		DF3F51291E7F796A00BBCB5E = {
			isa = PBXGroup;
			children = (
				DF3F51341E7F796A00BBCB5E /* 链式语法编程 */,
				DF3F51331E7F796A00BBCB5E /* Products */,
			);
			sourceTree = "<group>";
		};
		DF3F51331E7F796A00BBCB5E /* Products */ = {
			isa = PBXGroup;
			children = (
				DF3F51321E7F796A00BBCB5E /* 链式语法编程.app */,
			);
			name = Products;
			sourceTree = "<group>";
		};
		DF3F51341E7F796A00BBCB5E /* 链式语法编程 */ = {
			isa = PBXGroup;
			children = (
				DF3F514C1E7F79A300BBCB5E /* Manager */,
				DF3F514D1E7F79A300BBCB5E /* Category */,
				DF3F51381E7F796A00BBCB5E /* AppDelegate.h */,
				DF3F51391E7F796A00BBCB5E /* AppDelegate.m */,
				DF3F513B1E7F796A00BBCB5E /* ViewController.h */,
				DF3F513C1E7F796A00BBCB5E /* ViewController.m */,
				DF3F513E1E7F796A00BBCB5E /* Main.storyboard */,
				DF3F51411E7F796A00BBCB5E /* Assets.xcassets */,
				DF3F51431E7F796A00BBCB5E /* LaunchScreen.storyboard */,
				DF3F51461E7F796A00BBCB5E /* Info.plist */,
				DF3F51351E7F796A00BBCB5E /* Supporting Files */,
			);
			path = "链式语法编程";
			sourceTree = "<group>";
		};
		DF3F51351E7F796A00BBCB5E /* Supporting Files */ = {
			isa = PBXGroup;
			children = (
				DF3F51361E7F796A00BBCB5E /* main.m */,
			);
			name = "Supporting Files";
			sourceTree = "<group>";
		};
		DF3F514C1E7F79A300BBCB5E /* Manager */ = {
			isa = PBXGroup;
			children = (
				DF3F51601E7F7A5000BBCB5E /* CLObjcSugar.h */,
				DF3F51541E7F79F100BBCB5E /* UIButtonManager.h */,
				DF3F51551E7F79F100BBCB5E /* UIButtonManager.m */,
				DF3F51561E7F79F100BBCB5E /* UILabelManager.h */,
				DF3F51571E7F79F100BBCB5E /* UILabelManager.m */,
			);
			path = Manager;
			sourceTree = "<group>";
		};
		DF3F514D1E7F79A300BBCB5E /* Category */ = {
			isa = PBXGroup;
			children = (
				DF3F515A1E7F7A0A00BBCB5E /* UIButton+CLObjcSugar.h */,
				DF3F515B1E7F7A0A00BBCB5E /* UIButton+CLObjcSugar.m */,
				DF3F515C1E7F7A0A00BBCB5E /* UILabel+CLObjcSugar.h */,
				DF3F515D1E7F7A0A00BBCB5E /* UILabel+CLObjcSugar.m */,
			);
			path = Category;
			sourceTree = "<group>";
		};
/* End PBXGroup section */

/* Begin PBXNativeTarget section */
		DF3F51311E7F796A00BBCB5E /* 链式语法编程 */ = {
			isa = PBXNativeTarget;
			buildConfigurationList = DF3F51491E7F796A00BBCB5E /* Build configuration list for PBXNativeTarget "链式语法编程" */;
			buildPhases = (
				DF3F512E1E7F796A00BBCB5E /* Sources */,
				DF3F512F1E7F796A00BBCB5E /* Frameworks */,
				DF3F51301E7F796A00BBCB5E /* Resources */,
			);
			buildRules = (
			);
			dependencies = (
			);
			name = "链式语法编程";
			productName = "链式语法编程";
			productReference = DF3F51321E7F796A00BBCB5E /* 链式语法编程.app */;
			productType = "com.apple.product-type.application";
		};
/* End PBXNativeTarget section */

/* Begin PBXProject section */
		DF3F512A1E7F796A00BBCB5E /* Project object */ = {
			isa = PBXProject;
			attributes = {
				LastUpgradeCheck = 0800;
				ORGANIZATIONNAME = cleven;
				TargetAttributes = {
					DF3F51311E7F796A00BBCB5E = {
						CreatedOnToolsVersion = 8.0;
						DevelopmentTeam = HQ4PZ36DEN;
						ProvisioningStyle = Automatic;
					};
				};
			};
			buildConfigurationList = DF3F512D1E7F796A00BBCB5E /* Build configuration list for PBXProject "链式语法编程" */;
			compatibilityVersion = "Xcode 3.2";
			developmentRegion = English;
			hasScannedForEncodings = 0;
			knownRegions = (
				en,
				Base,
			);
			mainGroup = DF3F51291E7F796A00BBCB5E;
			productRefGroup = DF3F51331E7F796A00BBCB5E /* Products */;
			projectDirPath = "";
			projectRoot = "";
			targets = (
				DF3F51311E7F796A00BBCB5E /* 链式语法编程 */,
			);
		};
/* End PBXProject section */

/* Begin PBXResourcesBuildPhase section */
		DF3F51301E7F796A00BBCB5E /* Resources */ = {
			isa = PBXResourcesBuildPhase;
			buildActionMask = 2147483647;
			files = (
				DF3F51451E7F796A00BBCB5E /* LaunchScreen.storyboard in Resources */,
				DF3F51421E7F796A00BBCB5E /* Assets.xcassets in Resources */,
				DF3F51401E7F796A00BBCB5E /* Main.storyboard in Resources */,
			);
			runOnlyForDeploymentPostprocessing = 0;
		};
/* End PBXResourcesBuildPhase section */

/* Begin PBXSourcesBuildPhase section */
		DF3F512E1E7F796A00BBCB5E /* Sources */ = {
			isa = PBXSourcesBuildPhase;
			buildActionMask = 2147483647;
			files = (
				DF3F515F1E7F7A0A00BBCB5E /* UILabel+CLObjcSugar.m in Sources */,
				DF3F513D1E7F796A00BBCB5E /* ViewController.m in Sources */,
				DF3F515E1E7F7A0A00BBCB5E /* UIButton+CLObjcSugar.m in Sources */,
				DF3F51581E7F79F100BBCB5E /* UIButtonManager.m in Sources */,
				DF3F51591E7F79F100BBCB5E /* UILabelManager.m in Sources */,
				DF3F513A1E7F796A00BBCB5E /* AppDelegate.m in Sources */,
				DF3F51371E7F796A00BBCB5E /* main.m in Sources */,
			);
			runOnlyForDeploymentPostprocessing = 0;
		};
/* End PBXSourcesBuildPhase section */

/* Begin PBXVariantGroup section */
		DF3F513E1E7F796A00BBCB5E /* Main.storyboard */ = {
			isa = PBXVariantGroup;
			children = (
				DF3F513F1E7F796A00BBCB5E /* Base */,
			);
			name = Main.storyboard;
			sourceTree = "<group>";
		};
		DF3F51431E7F796A00BBCB5E /* LaunchScreen.storyboard */ = {
			isa = PBXVariantGroup;
			children = (
				DF3F51441E7F796A00BBCB5E /* Base */,
			);
			name = LaunchScreen.storyboard;
			sourceTree = "<group>";
		};
/* End PBXVariantGroup section */

/* Begin XCBuildConfiguration section */
		DF3F51471E7F796A00BBCB5E /* Debug */ = {
			isa = XCBuildConfiguration;
			buildSettings = {
				ALWAYS_SEARCH_USER_PATHS = NO;
				CLANG_ANALYZER_NONNULL = YES;
				CLANG_CXX_LANGUAGE_STANDARD = "gnu++0x";
				CLANG_CXX_LIBRARY = "libc++";
				CLANG_ENABLE_MODULES = YES;
				CLANG_ENABLE_OBJC_ARC = YES;
				CLANG_WARN_BOOL_CONVERSION = YES;
				CLANG_WARN_CONSTANT_CONVERSION = YES;
				CLANG_WARN_DIRECT_OBJC_ISA_USAGE = YES_ERROR;
				CLANG_WARN_DOCUMENTATION_COMMENTS = YES;
				CLANG_WARN_EMPTY_BODY = YES;
				CLANG_WARN_ENUM_CONVERSION = YES;
				CLANG_WARN_INFINITE_RECURSION = YES;
				CLANG_WARN_INT_CONVERSION = YES;
				CLANG_WARN_OBJC_ROOT_CLASS = YES_ERROR;
				CLANG_WARN_SUSPICIOUS_MOVES = YES;
				CLANG_WARN_UNREACHABLE_CODE = YES;
				CLANG_WARN__DUPLICATE_METHOD_MATCH = YES;
				"CODE_SIGN_IDENTITY[sdk=iphoneos*]" = "iPhone Developer";
				COPY_PHASE_STRIP = NO;
				DEBUG_INFORMATION_FORMAT = dwarf;
				ENABLE_STRICT_OBJC_MSGSEND = YES;
				ENABLE_TESTABILITY = YES;
				GCC_C_LANGUAGE_STANDARD = gnu99;
				GCC_DYNAMIC_NO_PIC = NO;
				GCC_NO_COMMON_BLOCKS = YES;
				GCC_OPTIMIZATION_LEVEL = 0;
				GCC_PREPROCESSOR_DEFINITIONS = (
					"DEBUG=1",
					"$(inherited)",
				);
				GCC_WARN_64_TO_32_BIT_CONVERSION = YES;
				GCC_WARN_ABOUT_RETURN_TYPE = YES_ERROR;
				GCC_WARN_UNDECLARED_SELECTOR = YES;
				GCC_WARN_UNINITIALIZED_AUTOS = YES_AGGRESSIVE;
				GCC_WARN_UNUSED_FUNCTION = YES;
				GCC_WARN_UNUSED_VARIABLE = YES;
				IPHONEOS_DEPLOYMENT_TARGET = 10.0;
				MTL_ENABLE_DEBUG_INFO = YES;
				ONLY_ACTIVE_ARCH = YES;
				SDKROOT = iphoneos;
			};
			name = Debug;
		};
		DF3F51481E7F796A00BBCB5E /* Release */ = {
			isa = XCBuildConfiguration;
			buildSettings = {
				ALWAYS_SEARCH_USER_PATHS = NO;
				CLANG_ANALYZER_NONNULL = YES;
				CLANG_CXX_LANGUAGE_STANDARD = "gnu++0x";
				CLANG_CXX_LIBRARY = "libc++";
				CLANG_ENABLE_MODULES = YES;
				CLANG_ENABLE_OBJC_ARC = YES;
				CLANG_WARN_BOOL_CONVERSION = YES;
				CLANG_WARN_CONSTANT_CONVERSION = YES;
				CLANG_WARN_DIRECT_OBJC_ISA_USAGE = YES_ERROR;
				CLANG_WARN_DOCUMENTATION_COMMENTS = YES;
				CLANG_WARN_EMPTY_BODY = YES;
				CLANG_WARN_ENUM_CONVERSION = YES;
				CLANG_WARN_INFINITE_RECURSION = YES;
				CLANG_WARN_INT_CONVERSION = YES;
				CLANG_WARN_OBJC_ROOT_CLASS = YES_ERROR;
				CLANG_WARN_SUSPICIOUS_MOVES = YES;
				CLANG_WARN_UNREACHABLE_CODE = YES;
				CLANG_WARN__DUPLICATE_METHOD_MATCH = YES;
				"CODE_SIGN_IDENTITY[sdk=iphoneos*]" = "iPhone Developer";
				COPY_PHASE_STRIP = NO;
				DEBUG_INFORMATION_FORMAT = "dwarf-with-dsym";
				ENABLE_NS_ASSERTIONS = NO;
				ENABLE_STRICT_OBJC_MSGSEND = YES;
				GCC_C_LANGUAGE_STANDARD = gnu99;
				GCC_NO_COMMON_BLOCKS = YES;
				GCC_WARN_64_TO_32_BIT_CONVERSION = YES;
				GCC_WARN_ABOUT_RETURN_TYPE = YES_ERROR;
				GCC_WARN_UNDECLARED_SELECTOR = YES;
				GCC_WARN_UNINITIALIZED_AUTOS = YES_AGGRESSIVE;
				GCC_WARN_UNUSED_FUNCTION = YES;
				GCC_WARN_UNUSED_VARIABLE = YES;
				IPHONEOS_DEPLOYMENT_TARGET = 10.0;
				MTL_ENABLE_DEBUG_INFO = NO;
				SDKROOT = iphoneos;
				VALIDATE_PRODUCT = YES;
			};
			name = Release;
		};
		DF3F514A1E7F796A00BBCB5E /* Debug */ = {
			isa = XCBuildConfiguration;
			buildSettings = {
				ASSETCATALOG_COMPILER_APPICON_NAME = AppIcon;
				DEVELOPMENT_TEAM = HQ4PZ36DEN;
				INFOPLIST_FILE = "链式语法编程/Info.plist";
				LD_RUNPATH_SEARCH_PATHS = "$(inherited) @executable_path/Frameworks";
				PRODUCT_BUNDLE_IDENTIFIER = "com.apple.------";
				PRODUCT_NAME = "$(TARGET_NAME)";
			};
			name = Debug;
		};
		DF3F514B1E7F796A00BBCB5E /* Release */ = {
			isa = XCBuildConfiguration;
			buildSettings = {
				ASSETCATALOG_COMPILER_APPICON_NAME = AppIcon;
				DEVELOPMENT_TEAM = HQ4PZ36DEN;
				INFOPLIST_FILE = "链式语法编程/Info.plist";
				LD_RUNPATH_SEARCH_PATHS = "$(inherited) @executable_path/Frameworks";
				PRODUCT_BUNDLE_IDENTIFIER = "com.apple.------";
				PRODUCT_NAME = "$(TARGET_NAME)";
			};
			name = Release;
		};
/* End XCBuildConfiguration section */

/* Begin XCConfigurationList section */
		DF3F512D1E7F796A00BBCB5E /* Build configuration list for PBXProject "链式语法编程" */ = {
			isa = XCConfigurationList;
			buildConfigurations = (
				DF3F51471E7F796A00BBCB5E /* Debug */,
				DF3F51481E7F796A00BBCB5E /* Release */,
			);
			defaultConfigurationIsVisible = 0;
			defaultConfigurationName = Release;
		};
		DF3F51491E7F796A00BBCB5E /* Build configuration list for PBXNativeTarget "链式语法编程" */ = {
			isa = XCConfigurationList;
			buildConfigurations = (
				DF3F514A1E7F796A00BBCB5E /* Debug */,
				DF3F514B1E7F796A00BBCB5E /* Release */,
			);
			defaultConfigurationIsVisible = 0;
		};
/* End XCConfigurationList section */
	};
	rootObject = DF3F512A1E7F796A00BBCB5E /* Project object */;
}
